// !$*UTF8*$!
{
	archiveVersion = 1;
	classes = {
	};
	objectVersion = 46;
	objects = {

/* Begin PBXBuildFile section */
		D56AA0201E1640870012EDAA /* MBusiness.m in Sources */ = {isa = PBXBuildFile; fileRef = D56AA01F1E1640870012EDAA /* MBusiness.m */; };
		D56AA0211E1640870012EDAA /* MBusiness.h in CopyFiles */ = {isa = PBXBuildFile; fileRef = D56AA01E1E1640870012EDAA /* MBusiness.h */; };
		D56AA0421E16429E0012EDAA /* MViewController.m in Sources */ = {isa = PBXBuildFile; fileRef = D56AA0411E16429E0012EDAA /* MViewController.m */; };
/* End PBXBuildFile section */

/* Begin PBXCopyFilesBuildPhase section */
		D56AA0191E1640870012EDAA /* CopyFiles */ = {
			isa = PBXCopyFilesBuildPhase;
			buildActionMask = 2147483647;
			dstPath = "include/$(PRODUCT_NAME)";
			dstSubfolderSpec = 16;
			files = (
				D56AA0211E1640870012EDAA /* MBusiness.h in CopyFiles */,
			);
			runOnlyForDeploymentPostprocessing = 0;
		};
/* End PBXCopyFilesBuildPhase section */

/* Begin PBXFileReference section */
		D56AA01B1E1640870012EDAA /* libMBusiness.a */ = {isa = PBXFileReference; explicitFileType = archive.ar; includeInIndex = 0; path = libMBusiness.a; sourceTree = BUILT_PRODUCTS_DIR; };
		D56AA01E1E1640870012EDAA /* MBusiness.h */ = {isa = PBXFileReference; lastKnownFileType = sourcecode.c.h; path = MBusiness.h; sourceTree = "<group>"; };
		D56AA01F1E1640870012EDAA /* MBusiness.m */ = {isa = PBXFileReference; lastKnownFileType = sourcecode.c.objc; path = MBusiness.m; sourceTree = "<group>"; };
		D56AA0331E1641560012EDAA /* MBusiness.bundle */ = {isa = PBXFileReference; lastKnownFileType = "wrapper.plug-in"; path = MBusiness.bundle; sourceTree = "<group>"; };
		D56AA0401E16429E0012EDAA /* MViewController.h */ = {isa = PBXFileReference; fileEncoding = 4; lastKnownFileType = sourcecode.c.h; path = MViewController.h; sourceTree = "<group>"; };
		D56AA0411E16429E0012EDAA /* MViewController.m */ = {isa = PBXFileReference; fileEncoding = 4; lastKnownFileType = sourcecode.c.objc; path = MViewController.m; sourceTree = "<group>"; };
		D56AA0691E16555D0012EDAA /* libMFoundtion.a */ = {isa = PBXFileReference; lastKnownFileType = archive.ar; name = libMFoundtion.a; path = "../../../../Library/Developer/Xcode/DerivedData/ComBine-bsqvqwpvnkedfsdzgzuowgllkwfc/Build/Products/Debug-iphonesimulator/libMFoundtion.a"; sourceTree = "<group>"; };
		D56AA06A1E16555D0012EDAA /* libMView.a */ = {isa = PBXFileReference; lastKnownFileType = archive.ar; name = libMView.a; path = "../../../../Library/Developer/Xcode/DerivedData/ComBine-bsqvqwpvnkedfsdzgzuowgllkwfc/Build/Products/Debug-iphonesimulator/libMView.a"; sourceTree = "<group>"; };
/* End PBXFileReference section */

/* Begin PBXFrameworksBuildPhase section */
		D56AA0181E1640870012EDAA /* Frameworks */ = {
			isa = PBXFrameworksBuildPhase;
			buildActionMask = 2147483647;
			files = (
			);
			runOnlyForDeploymentPostprocessing = 0;
		};
/* End PBXFrameworksBuildPhase section */

/* Begin PBXGroup section */
		D56AA0121E1640870012EDAA = {
			isa = PBXGroup;
			children = (
				D56AA0331E1641560012EDAA /* MBusiness.bundle */,
				D56AA01D1E1640870012EDAA /* MBusiness */,
				D56AA01C1E1640870012EDAA /* Products */,
				D56AA0681E16555D0012EDAA /* Frameworks */,
			);
			sourceTree = "<group>";
		};
		D56AA01C1E1640870012EDAA /* Products */ = {
			isa = PBXGroup;
			children = (
				D56AA01B1E1640870012EDAA /* libMBusiness.a */,
			);
			name = Products;
			sourceTree = "<group>";
		};
		D56AA01D1E1640870012EDAA /* MBusiness */ = {
			isa = PBXGroup;
			children = (
				D56AA01E1E1640870012EDAA /* MBusiness.h */,
				D56AA01F1E1640870012EDAA /* MBusiness.m */,
				D56AA0401E16429E0012EDAA /* MViewController.h */,
				D56AA0411E16429E0012EDAA /* MViewController.m */,
			);
			path = MBusiness;
			sourceTree = "<group>";
		};
		D56AA0681E16555D0012EDAA /* Frameworks */ = {
			isa = PBXGroup;
			children = (
				D56AA0691E16555D0012EDAA /* libMFoundtion.a */,
				D56AA06A1E16555D0012EDAA /* libMView.a */,
			);
			name = Frameworks;
			sourceTree = "<group>";
		};
/* End PBXGroup section */

/* Begin PBXNativeTarget section */
		D56AA01A1E1640870012EDAA /* MBusiness */ = {
			isa = PBXNativeTarget;
			buildConfigurationList = D56AA0241E1640870012EDAA /* Build configuration list for PBXNativeTarget "MBusiness" */;
			buildPhases = (
				D56AA0171E1640870012EDAA /* Sources */,
				D56AA0181E1640870012EDAA /* Frameworks */,
				D56AA0191E1640870012EDAA /* CopyFiles */,
				D56AA0731E165BDF0012EDAA /* Resources */,
			);
			buildRules = (
			);
			dependencies = (
			);
			name = MBusiness;
			productName = MBusiness;
			productReference = D56AA01B1E1640870012EDAA /* libMBusiness.a */;
			productType = "com.apple.product-type.library.static";
		};
/* End PBXNativeTarget section */

/* Begin PBXProject section */
		D56AA0131E1640870012EDAA /* Project object */ = {
			isa = PBXProject;
			attributes = {
				LastUpgradeCheck = 0810;
				ORGANIZATIONNAME = com.zhaofeng;
				TargetAttributes = {
					D56AA01A1E1640870012EDAA = {
						CreatedOnToolsVersion = 8.1;
						DevelopmentTeam = F7ZR4B5FH4;
						ProvisioningStyle = Automatic;
					};
				};
			};
			buildConfigurationList = D56AA0161E1640870012EDAA /* Build configuration list for PBXProject "MBusiness" */;
			compatibilityVersion = "Xcode 3.2";
			developmentRegion = English;
			hasScannedForEncodings = 0;
			knownRegions = (
				en,
			);
			mainGroup = D56AA0121E1640870012EDAA;
			productRefGroup = D56AA01C1E1640870012EDAA /* Products */;
			projectDirPath = "";
			projectRoot = "";
			targets = (
				D56AA01A1E1640870012EDAA /* MBusiness */,
			);
		};
/* End PBXProject section */

/* Begin PBXResourcesBuildPhase section */
		D56AA0731E165BDF0012EDAA /* Resources */ = {
			isa = PBXResourcesBuildPhase;
			buildActionMask = 2147483647;
			files = (
			);
			runOnlyForDeploymentPostprocessing = 0;
		};
/* End PBXResourcesBuildPhase section */

/* Begin PBXSourcesBuildPhase section */
		D56AA0171E1640870012EDAA /* Sources */ = {
			isa = PBXSourcesBuildPhase;
			buildActionMask = 2147483647;
			files = (
				D56AA0421E16429E0012EDAA /* MViewController.m in Sources */,
				D56AA0201E1640870012EDAA /* MBusiness.m in Sources */,
			);
			runOnlyForDeploymentPostprocessing = 0;
		};
/* End PBXSourcesBuildPhase section */

/* Begin XCBuildConfiguration section */
		D56AA0221E1640870012EDAA /* Debug */ = {
			isa = XCBuildConfiguration;
			buildSettings = {
				ALWAYS_SEARCH_USER_PATHS = NO;
				CLANG_ANALYZER_NONNULL = YES;
				CLANG_CXX_LANGUAGE_STANDARD = "gnu++0x";
				CLANG_CXX_LIBRARY = "libc++";
				CLANG_ENABLE_MODULES = YES;
				CLANG_ENABLE_OBJC_ARC = YES;
				CLANG_WARN_BOOL_CONVERSION = YES;
				CLANG_WARN_CONSTANT_CONVERSION = YES;
				CLANG_WARN_DIRECT_OBJC_ISA_USAGE = YES_ERROR;
				CLANG_WARN_DOCUMENTATION_COMMENTS = YES;
				CLANG_WARN_EMPTY_BODY = YES;
				CLANG_WARN_ENUM_CONVERSION = YES;
				CLANG_WARN_INFINITE_RECURSION = YES;
				CLANG_WARN_INT_CONVERSION = YES;
				CLANG_WARN_OBJC_ROOT_CLASS = YES_ERROR;
				CLANG_WARN_SUSPICIOUS_MOVES = YES;
				CLANG_WARN_UNREACHABLE_CODE = YES;
				CLANG_WARN__DUPLICATE_METHOD_MATCH = YES;
				"CODE_SIGN_IDENTITY[sdk=iphoneos*]" = "iPhone Developer";
				COPY_PHASE_STRIP = NO;
				DEBUG_INFORMATION_FORMAT = dwarf;
				ENABLE_STRICT_OBJC_MSGSEND = YES;
				ENABLE_TESTABILITY = YES;
				GCC_C_LANGUAGE_STANDARD = gnu99;
				GCC_DYNAMIC_NO_PIC = NO;
				GCC_NO_COMMON_BLOCKS = YES;
				GCC_OPTIMIZATION_LEVEL = 0;
				GCC_PREPROCESSOR_DEFINITIONS = (
					"DEBUG=1",
					"$(inherited)",
				);
				GCC_WARN_64_TO_32_BIT_CONVERSION = YES;
				GCC_WARN_ABOUT_RETURN_TYPE = YES_ERROR;
				GCC_WARN_UNDECLARED_SELECTOR = YES;
				GCC_WARN_UNINITIALIZED_AUTOS = YES_AGGRESSIVE;
				GCC_WARN_UNUSED_FUNCTION = YES;
				GCC_WARN_UNUSED_VARIABLE = YES;
				IPHONEOS_DEPLOYMENT_TARGET = 10.1;
				MTL_ENABLE_DEBUG_INFO = YES;
				ONLY_ACTIVE_ARCH = YES;
				SDKROOT = iphoneos;
			};
			name = Debug;
		};
		D56AA0231E1640870012EDAA /* Release */ = {
			isa = XCBuildConfiguration;
			buildSettings = {
				ALWAYS_SEARCH_USER_PATHS = NO;
				CLANG_ANALYZER_NONNULL = YES;
				CLANG_CXX_LANGUAGE_STANDARD = "gnu++0x";
				CLANG_CXX_LIBRARY = "libc++";
				CLANG_ENABLE_MODULES = YES;
				CLANG_ENABLE_OBJC_ARC = YES;
				CLANG_WARN_BOOL_CONVERSION = YES;
				CLANG_WARN_CONSTANT_CONVERSION = YES;
				CLANG_WARN_DIRECT_OBJC_ISA_USAGE = YES_ERROR;
				CLANG_WARN_DOCUMENTATION_COMMENTS = YES;
				CLANG_WARN_EMPTY_BODY = YES;
				CLANG_WARN_ENUM_CONVERSION = YES;
				CLANG_WARN_INFINITE_RECURSION = YES;
				CLANG_WARN_INT_CONVERSION = YES;
				CLANG_WARN_OBJC_ROOT_CLASS = YES_ERROR;
				CLANG_WARN_SUSPICIOUS_MOVES = YES;
				CLANG_WARN_UNREACHABLE_CODE = YES;
				CLANG_WARN__DUPLICATE_METHOD_MATCH = YES;
				"CODE_SIGN_IDENTITY[sdk=iphoneos*]" = "iPhone Developer";
				COPY_PHASE_STRIP = NO;
				DEBUG_INFORMATION_FORMAT = "dwarf-with-dsym";
				ENABLE_NS_ASSERTIONS = NO;
				ENABLE_STRICT_OBJC_MSGSEND = YES;
				GCC_C_LANGUAGE_STANDARD = gnu99;
				GCC_NO_COMMON_BLOCKS = YES;
				GCC_WARN_64_TO_32_BIT_CONVERSION = YES;
				GCC_WARN_ABOUT_RETURN_TYPE = YES_ERROR;
				GCC_WARN_UNDECLARED_SELECTOR = YES;
				GCC_WARN_UNINITIALIZED_AUTOS = YES_AGGRESSIVE;
				GCC_WARN_UNUSED_FUNCTION = YES;
				GCC_WARN_UNUSED_VARIABLE = YES;
				IPHONEOS_DEPLOYMENT_TARGET = 10.1;
				MTL_ENABLE_DEBUG_INFO = NO;
				SDKROOT = iphoneos;
				VALIDATE_PRODUCT = YES;
			};
			name = Release;
		};
		D56AA0251E1640870012EDAA /* Debug */ = {
			isa = XCBuildConfiguration;
			buildSettings = {
				DEVELOPMENT_TEAM = F7ZR4B5FH4;
				FRAMEWORK_SEARCH_PATHS = "";
				HEADER_SEARCH_PATHS = (
					"../MView/**",
					"../MFoundtion/**",
					"$(inherited)",
				);
				LIBRARY_SEARCH_PATHS = "";
				OTHER_LDFLAGS = "-ObjC";
				PRODUCT_NAME = "$(TARGET_NAME)";
				SKIP_INSTALL = YES;
			};
			name = Debug;
		};
		D56AA0261E1640870012EDAA /* Release */ = {
			isa = XCBuildConfiguration;
			buildSettings = {
				DEVELOPMENT_TEAM = F7ZR4B5FH4;
				FRAMEWORK_SEARCH_PATHS = "";
				HEADER_SEARCH_PATHS = (
					"../MView/**",
					"../MFoundtion/**",
					"$(inherited)",
				);
				LIBRARY_SEARCH_PATHS = "";
				OTHER_LDFLAGS = "-ObjC";
				PRODUCT_NAME = "$(TARGET_NAME)";
				SKIP_INSTALL = YES;
			};
			name = Release;
		};
/* End XCBuildConfiguration section */

/* Begin XCConfigurationList section */
		D56AA0161E1640870012EDAA /* Build configuration list for PBXProject "MBusiness" */ = {
			isa = XCConfigurationList;
			buildConfigurations = (
				D56AA0221E1640870012EDAA /* Debug */,
				D56AA0231E1640870012EDAA /* Release */,
			);
			defaultConfigurationIsVisible = 0;
			defaultConfigurationName = Release;
		};
		D56AA0241E1640870012EDAA /* Build configuration list for PBXNativeTarget "MBusiness" */ = {
			isa = XCConfigurationList;
			buildConfigurations = (
				D56AA0251E1640870012EDAA /* Debug */,
				D56AA0261E1640870012EDAA /* Release */,
			);
			defaultConfigurationIsVisible = 0;
			defaultConfigurationName = Release;
		};
/* End XCConfigurationList section */
	};
	rootObject = D56AA0131E1640870012EDAA /* Project object */;
}
